// !$*UTF8*$!
{
	archiveVersion = 1;
	classes = {
	};
	objectVersion = 50;
	objects = {

/* Begin PBXBuildFile section */
		0244B70820EE910A0001CA88 /* AppDelegate.swift in Sources */ = {isa = PBXBuildFile; fileRef = 0244B70720EE910A0001CA88 /* AppDelegate.swift */; };
		0244B70A20EE910A0001CA88 /* RepoSearchController.swift in Sources */ = {isa = PBXBuildFile; fileRef = 0244B70920EE910A0001CA88 /* RepoSearchController.swift */; };
		0244B70F20EE910B0001CA88 /* Assets.xcassets in Resources */ = {isa = PBXBuildFile; fileRef = 0244B70E20EE910B0001CA88 /* Assets.xcassets */; };
		0244B71220EE910B0001CA88 /* LaunchScreen.storyboard in Resources */ = {isa = PBXBuildFile; fileRef = 0244B71020EE910B0001CA88 /* LaunchScreen.storyboard */; };
		02DB5B8520EE94E600DBEB5A /* ControllerType.swift in Sources */ = {isa = PBXBuildFile; fileRef = 02DB5B8420EE94E600DBEB5A /* ControllerType.swift */; };
		02DB5B8720EE950B00DBEB5A /* ViewModelType.swift in Sources */ = {isa = PBXBuildFile; fileRef = 02DB5B8620EE950B00DBEB5A /* ViewModelType.swift */; };
		02DB5B8920EE953500DBEB5A /* CoordinatorType.swift in Sources */ = {isa = PBXBuildFile; fileRef = 02DB5B8820EE953500DBEB5A /* CoordinatorType.swift */; };
		02DB5B8C20EE95FB00DBEB5A /* RepoSearchControllerViewModel.swift in Sources */ = {isa = PBXBuildFile; fileRef = 02DB5B8B20EE95FB00DBEB5A /* RepoSearchControllerViewModel.swift */; };
		02DB5B8E20EE974800DBEB5A /* RepoSearchModuleCoordinator.swift in Sources */ = {isa = PBXBuildFile; fileRef = 02DB5B8D20EE974800DBEB5A /* RepoSearchModuleCoordinator.swift */; };
		02DB5B9420EE98C200DBEB5A /* RepoSearchController.storyboard in Resources */ = {isa = PBXBuildFile; fileRef = 02DB5B9320EE98C200DBEB5A /* RepoSearchController.storyboard */; };
		02DB5B9820EE9F9600DBEB5A /* RepoFetchService.swift in Sources */ = {isa = PBXBuildFile; fileRef = 02DB5B9720EE9F9600DBEB5A /* RepoFetchService.swift */; };
		02DB5B9B20EEA03A00DBEB5A /* SearchResponse.swift in Sources */ = {isa = PBXBuildFile; fileRef = 02DB5B9A20EEA03A00DBEB5A /* SearchResponse.swift */; };
		02DB5B9E20EEA0F500DBEB5A /* RepoInfo.swift in Sources */ = {isa = PBXBuildFile; fileRef = 02DB5B9D20EEA0F500DBEB5A /* RepoInfo.swift */; };
		02DB5BA020EEA17500DBEB5A /* JSONStubs.swift in Sources */ = {isa = PBXBuildFile; fileRef = 02DB5B9F20EEA17500DBEB5A /* JSONStubs.swift */; };
		484373931E46204EDD704AEC /* Pods_GenesisTestTask.framework in Frameworks */ = {isa = PBXBuildFile; fileRef = 5710C8E1403B7E11AB8DD108 /* Pods_GenesisTestTask.framework */; };
/* End PBXBuildFile section */

/* Begin PBXFileReference section */
		0244B70420EE91090001CA88 /* GenesisTestTask.app */ = {isa = PBXFileReference; explicitFileType = wrapper.application; includeInIndex = 0; path = GenesisTestTask.app; sourceTree = BUILT_PRODUCTS_DIR; };
		0244B70720EE910A0001CA88 /* AppDelegate.swift */ = {isa = PBXFileReference; lastKnownFileType = sourcecode.swift; path = AppDelegate.swift; sourceTree = "<group>"; };
		0244B70920EE910A0001CA88 /* RepoSearchController.swift */ = {isa = PBXFileReference; lastKnownFileType = sourcecode.swift; path = RepoSearchController.swift; sourceTree = "<group>"; };
		0244B70E20EE910B0001CA88 /* Assets.xcassets */ = {isa = PBXFileReference; lastKnownFileType = folder.assetcatalog; path = Assets.xcassets; sourceTree = "<group>"; };
		0244B71120EE910B0001CA88 /* Base */ = {isa = PBXFileReference; lastKnownFileType = file.storyboard; name = Base; path = Base.lproj/LaunchScreen.storyboard; sourceTree = "<group>"; };
		0244B71320EE910B0001CA88 /* Info.plist */ = {isa = PBXFileReference; lastKnownFileType = text.plist.xml; path = Info.plist; sourceTree = "<group>"; };
		02DB5B8420EE94E600DBEB5A /* ControllerType.swift */ = {isa = PBXFileReference; lastKnownFileType = sourcecode.swift; path = ControllerType.swift; sourceTree = "<group>"; };
		02DB5B8620EE950B00DBEB5A /* ViewModelType.swift */ = {isa = PBXFileReference; lastKnownFileType = sourcecode.swift; path = ViewModelType.swift; sourceTree = "<group>"; };
		02DB5B8820EE953500DBEB5A /* CoordinatorType.swift */ = {isa = PBXFileReference; lastKnownFileType = sourcecode.swift; path = CoordinatorType.swift; sourceTree = "<group>"; };
		02DB5B8B20EE95FB00DBEB5A /* RepoSearchControllerViewModel.swift */ = {isa = PBXFileReference; lastKnownFileType = sourcecode.swift; path = RepoSearchControllerViewModel.swift; sourceTree = "<group>"; };
		02DB5B8D20EE974800DBEB5A /* RepoSearchModuleCoordinator.swift */ = {isa = PBXFileReference; lastKnownFileType = sourcecode.swift; path = RepoSearchModuleCoordinator.swift; sourceTree = "<group>"; };
		02DB5B9320EE98C200DBEB5A /* RepoSearchController.storyboard */ = {isa = PBXFileReference; lastKnownFileType = file.storyboard; path = RepoSearchController.storyboard; sourceTree = "<group>"; };
		02DB5B9720EE9F9600DBEB5A /* RepoFetchService.swift */ = {isa = PBXFileReference; lastKnownFileType = sourcecode.swift; path = RepoFetchService.swift; sourceTree = "<group>"; };
		02DB5B9A20EEA03A00DBEB5A /* SearchResponse.swift */ = {isa = PBXFileReference; lastKnownFileType = sourcecode.swift; path = SearchResponse.swift; sourceTree = "<group>"; };
		02DB5B9D20EEA0F500DBEB5A /* RepoInfo.swift */ = {isa = PBXFileReference; lastKnownFileType = sourcecode.swift; path = RepoInfo.swift; sourceTree = "<group>"; };
		02DB5B9F20EEA17500DBEB5A /* JSONStubs.swift */ = {isa = PBXFileReference; lastKnownFileType = sourcecode.swift; path = JSONStubs.swift; sourceTree = "<group>"; };
		0C608F4F44AC6EDBD2AD596B /* Pods-GenesisTestTask.debug.xcconfig */ = {isa = PBXFileReference; includeInIndex = 1; lastKnownFileType = text.xcconfig; name = "Pods-GenesisTestTask.debug.xcconfig"; path = "Pods/Target Support Files/Pods-GenesisTestTask/Pods-GenesisTestTask.debug.xcconfig"; sourceTree = "<group>"; };
		5710C8E1403B7E11AB8DD108 /* Pods_GenesisTestTask.framework */ = {isa = PBXFileReference; explicitFileType = wrapper.framework; includeInIndex = 0; path = Pods_GenesisTestTask.framework; sourceTree = BUILT_PRODUCTS_DIR; };
		CFAC0B25528C0A73C3D721E1 /* Pods-GenesisTestTask.release.xcconfig */ = {isa = PBXFileReference; includeInIndex = 1; lastKnownFileType = text.xcconfig; name = "Pods-GenesisTestTask.release.xcconfig"; path = "Pods/Target Support Files/Pods-GenesisTestTask/Pods-GenesisTestTask.release.xcconfig"; sourceTree = "<group>"; };
/* End PBXFileReference section */

/* Begin PBXFrameworksBuildPhase section */
		0244B70120EE91090001CA88 /* Frameworks */ = {
			isa = PBXFrameworksBuildPhase;
			buildActionMask = 2147483647;
			files = (
				484373931E46204EDD704AEC /* Pods_GenesisTestTask.framework in Frameworks */,
			);
			runOnlyForDeploymentPostprocessing = 0;
		};
/* End PBXFrameworksBuildPhase section */

/* Begin PBXGroup section */
		0244B6FB20EE91090001CA88 = {
			isa = PBXGroup;
			children = (
				0244B70620EE91090001CA88 /* GenesisTestTask */,
				0244B70520EE91090001CA88 /* Products */,
				413AA9E17BABB7995CEA082E /* Pods */,
				807DE654ABB9F5EEA05C419E /* Frameworks */,
			);
			sourceTree = "<group>";
		};
		0244B70520EE91090001CA88 /* Products */ = {
			isa = PBXGroup;
			children = (
				0244B70420EE91090001CA88 /* GenesisTestTask.app */,
			);
			name = Products;
			sourceTree = "<group>";
		};
		0244B70620EE91090001CA88 /* GenesisTestTask */ = {
			isa = PBXGroup;
			children = (
				0244B70720EE910A0001CA88 /* AppDelegate.swift */,
				02DB5B9620EE9A4500DBEB5A /* Modules */,
				02DB5B8A20EE955C00DBEB5A /* Protocols */,
				02DB5B9920EE9FE100DBEB5A /* Network */,
				02DB5B9C20EEA0C200DBEB5A /* Models */,
				02DB5BA120EEA1BB00DBEB5A /* Utility */,
				0244B70E20EE910B0001CA88 /* Assets.xcassets */,
				0244B71020EE910B0001CA88 /* LaunchScreen.storyboard */,
				0244B71320EE910B0001CA88 /* Info.plist */,
			);
			path = GenesisTestTask;
			sourceTree = "<group>";
		};
		02DB5B8A20EE955C00DBEB5A /* Protocols */ = {
			isa = PBXGroup;
			children = (
				02DB5B8420EE94E600DBEB5A /* ControllerType.swift */,
				02DB5B8620EE950B00DBEB5A /* ViewModelType.swift */,
				02DB5B8820EE953500DBEB5A /* CoordinatorType.swift */,
			);
			path = Protocols;
			sourceTree = "<group>";
		};
		02DB5B8F20EE97E400DBEB5A /* RepoSearchModule */ = {
			isa = PBXGroup;
			children = (
				02DB5B9020EE97F800DBEB5A /* Coordinators */,
				02DB5B9120EE980000DBEB5A /* Controllers */,
				02DB5B9220EE980B00DBEB5A /* ViewModels */,
				02DB5B9520EE98C800DBEB5A /* UI */,
			);
			path = RepoSearchModule;
			sourceTree = "<group>";
		};
		02DB5B9020EE97F800DBEB5A /* Coordinators */ = {
			isa = PBXGroup;
			children = (
				02DB5B8D20EE974800DBEB5A /* RepoSearchModuleCoordinator.swift */,
			);
			path = Coordinators;
			sourceTree = "<group>";
		};
		02DB5B9120EE980000DBEB5A /* Controllers */ = {
			isa = PBXGroup;
			children = (
				0244B70920EE910A0001CA88 /* RepoSearchController.swift */,
			);
			path = Controllers;
			sourceTree = "<group>";
		};
		02DB5B9220EE980B00DBEB5A /* ViewModels */ = {
			isa = PBXGroup;
			children = (
				02DB5B8B20EE95FB00DBEB5A /* RepoSearchControllerViewModel.swift */,
			);
			path = ViewModels;
			sourceTree = "<group>";
		};
		02DB5B9520EE98C800DBEB5A /* UI */ = {
			isa = PBXGroup;
			children = (
				02DB5B9320EE98C200DBEB5A /* RepoSearchController.storyboard */,
			);
			path = UI;
			sourceTree = "<group>";
		};
		02DB5B9620EE9A4500DBEB5A /* Modules */ = {
			isa = PBXGroup;
			children = (
				02DB5B8F20EE97E400DBEB5A /* RepoSearchModule */,
			);
			path = Modules;
			sourceTree = "<group>";
		};
		02DB5B9920EE9FE100DBEB5A /* Network */ = {
			isa = PBXGroup;
			children = (
				02DB5B9720EE9F9600DBEB5A /* RepoFetchService.swift */,
			);
			path = Network;
			sourceTree = "<group>";
		};
		02DB5B9C20EEA0C200DBEB5A /* Models */ = {
			isa = PBXGroup;
			children = (
				02DB5B9A20EEA03A00DBEB5A /* SearchResponse.swift */,
				02DB5B9D20EEA0F500DBEB5A /* RepoInfo.swift */,
			);
			path = Models;
			sourceTree = "<group>";
		};
		02DB5BA120EEA1BB00DBEB5A /* Utility */ = {
			isa = PBXGroup;
			children = (
				02DB5B9F20EEA17500DBEB5A /* JSONStubs.swift */,
			);
			path = Utility;
			sourceTree = "<group>";
		};
		413AA9E17BABB7995CEA082E /* Pods */ = {
			isa = PBXGroup;
			children = (
				0C608F4F44AC6EDBD2AD596B /* Pods-GenesisTestTask.debug.xcconfig */,
				CFAC0B25528C0A73C3D721E1 /* Pods-GenesisTestTask.release.xcconfig */,
			);
			name = Pods;
			sourceTree = "<group>";
		};
		807DE654ABB9F5EEA05C419E /* Frameworks */ = {
			isa = PBXGroup;
			children = (
				5710C8E1403B7E11AB8DD108 /* Pods_GenesisTestTask.framework */,
			);
			name = Frameworks;
			sourceTree = "<group>";
		};
/* End PBXGroup section */

/* Begin PBXNativeTarget section */
		0244B70320EE91090001CA88 /* GenesisTestTask */ = {
			isa = PBXNativeTarget;
			buildConfigurationList = 0244B71620EE910B0001CA88 /* Build configuration list for PBXNativeTarget "GenesisTestTask" */;
			buildPhases = (
				9917B52AD887B5BCE1928A13 /* [CP] Check Pods Manifest.lock */,
				0244B70020EE91090001CA88 /* Sources */,
				0244B70120EE91090001CA88 /* Frameworks */,
				0244B70220EE91090001CA88 /* Resources */,
				756D49DE70348343578306B9 /* [CP] Embed Pods Frameworks */,
			);
			buildRules = (
			);
			dependencies = (
			);
			name = GenesisTestTask;
			productName = GenesisTestTask;
			productReference = 0244B70420EE91090001CA88 /* GenesisTestTask.app */;
			productType = "com.apple.product-type.application";
		};
/* End PBXNativeTarget section */

/* Begin PBXProject section */
		0244B6FC20EE91090001CA88 /* Project object */ = {
			isa = PBXProject;
			attributes = {
				LastSwiftUpdateCheck = 0940;
				LastUpgradeCheck = 0940;
				ORGANIZATIONNAME = "Alexey Savchenko";
				TargetAttributes = {
					0244B70320EE91090001CA88 = {
						CreatedOnToolsVersion = 9.4.1;
					};
				};
			};
			buildConfigurationList = 0244B6FF20EE91090001CA88 /* Build configuration list for PBXProject "GenesisTestTask" */;
			compatibilityVersion = "Xcode 9.3";
			developmentRegion = en;
			hasScannedForEncodings = 0;
			knownRegions = (
				en,
				Base,
			);
			mainGroup = 0244B6FB20EE91090001CA88;
			productRefGroup = 0244B70520EE91090001CA88 /* Products */;
			projectDirPath = "";
			projectRoot = "";
			targets = (
				0244B70320EE91090001CA88 /* GenesisTestTask */,
			);
		};
/* End PBXProject section */

/* Begin PBXResourcesBuildPhase section */
		0244B70220EE91090001CA88 /* Resources */ = {
			isa = PBXResourcesBuildPhase;
			buildActionMask = 2147483647;
			files = (
				02DB5B9420EE98C200DBEB5A /* RepoSearchController.storyboard in Resources */,
				0244B71220EE910B0001CA88 /* LaunchScreen.storyboard in Resources */,
				0244B70F20EE910B0001CA88 /* Assets.xcassets in Resources */,
			);
			runOnlyForDeploymentPostprocessing = 0;
		};
/* End PBXResourcesBuildPhase section */

/* Begin PBXShellScriptBuildPhase section */
		756D49DE70348343578306B9 /* [CP] Embed Pods Frameworks */ = {
			isa = PBXShellScriptBuildPhase;
			buildActionMask = 2147483647;
			files = (
			);
			inputPaths = (
				"${SRCROOT}/Pods/Target Support Files/Pods-GenesisTestTask/Pods-GenesisTestTask-frameworks.sh",
				"${BUILT_PRODUCTS_DIR}/Alamofire/Alamofire.framework",
				"${BUILT_PRODUCTS_DIR}/RxAlamofire/RxAlamofire.framework",
				"${BUILT_PRODUCTS_DIR}/RxCocoa/RxCocoa.framework",
				"${BUILT_PRODUCTS_DIR}/RxSwift/RxSwift.framework",
			);
			name = "[CP] Embed Pods Frameworks";
			outputPaths = (
				"${TARGET_BUILD_DIR}/${FRAMEWORKS_FOLDER_PATH}/Alamofire.framework",
				"${TARGET_BUILD_DIR}/${FRAMEWORKS_FOLDER_PATH}/RxAlamofire.framework",
				"${TARGET_BUILD_DIR}/${FRAMEWORKS_FOLDER_PATH}/RxCocoa.framework",
				"${TARGET_BUILD_DIR}/${FRAMEWORKS_FOLDER_PATH}/RxSwift.framework",
			);
			runOnlyForDeploymentPostprocessing = 0;
			shellPath = /bin/sh;
			shellScript = "\"${SRCROOT}/Pods/Target Support Files/Pods-GenesisTestTask/Pods-GenesisTestTask-frameworks.sh\"\n";
			showEnvVarsInLog = 0;
		};
		9917B52AD887B5BCE1928A13 /* [CP] Check Pods Manifest.lock */ = {
			isa = PBXShellScriptBuildPhase;
			buildActionMask = 2147483647;
			files = (
			);
			inputPaths = (
				"${PODS_PODFILE_DIR_PATH}/Podfile.lock",
				"${PODS_ROOT}/Manifest.lock",
			);
			name = "[CP] Check Pods Manifest.lock";
			outputPaths = (
				"$(DERIVED_FILE_DIR)/Pods-GenesisTestTask-checkManifestLockResult.txt",
			);
			runOnlyForDeploymentPostprocessing = 0;
			shellPath = /bin/sh;
			shellScript = "diff \"${PODS_PODFILE_DIR_PATH}/Podfile.lock\" \"${PODS_ROOT}/Manifest.lock\" > /dev/null\nif [ $? != 0 ] ; then\n    # print error to STDERR\n    echo \"error: The sandbox is not in sync with the Podfile.lock. Run 'pod install' or update your CocoaPods installation.\" >&2\n    exit 1\nfi\n# This output is used by Xcode 'outputs' to avoid re-running this script phase.\necho \"SUCCESS\" > \"${SCRIPT_OUTPUT_FILE_0}\"\n";
			showEnvVarsInLog = 0;
		};
/* End PBXShellScriptBuildPhase section */

/* Begin PBXSourcesBuildPhase section */
		0244B70020EE91090001CA88 /* Sources */ = {
			isa = PBXSourcesBuildPhase;
			buildActionMask = 2147483647;
			files = (
				02DB5BA020EEA17500DBEB5A /* JSONStubs.swift in Sources */,
				02DB5B8720EE950B00DBEB5A /* ViewModelType.swift in Sources */,
				02DB5B9E20EEA0F500DBEB5A /* RepoInfo.swift in Sources */,
				02DB5B8520EE94E600DBEB5A /* ControllerType.swift in Sources */,
				02DB5B9820EE9F9600DBEB5A /* RepoFetchService.swift in Sources */,
				0244B70A20EE910A0001CA88 /* RepoSearchController.swift in Sources */,
				0244B70820EE910A0001CA88 /* AppDelegate.swift in Sources */,
				02DB5B8E20EE974800DBEB5A /* RepoSearchModuleCoordinator.swift in Sources */,
				02DB5B8C20EE95FB00DBEB5A /* RepoSearchControllerViewModel.swift in Sources */,
				02DB5B8920EE953500DBEB5A /* CoordinatorType.swift in Sources */,
				02DB5B9B20EEA03A00DBEB5A /* SearchResponse.swift in Sources */,
			);
			runOnlyForDeploymentPostprocessing = 0;
		};
/* End PBXSourcesBuildPhase section */

/* Begin PBXVariantGroup section */
		0244B71020EE910B0001CA88 /* LaunchScreen.storyboard */ = {
			isa = PBXVariantGroup;
			children = (
				0244B71120EE910B0001CA88 /* Base */,
			);
			name = LaunchScreen.storyboard;
			sourceTree = "<group>";
		};
/* End PBXVariantGroup section */

/* Begin XCBuildConfiguration section */
		0244B71420EE910B0001CA88 /* Debug */ = {
			isa = XCBuildConfiguration;
			buildSettings = {
				ALWAYS_SEARCH_USER_PATHS = NO;
				CLANG_ANALYZER_NONNULL = YES;
				CLANG_ANALYZER_NUMBER_OBJECT_CONVERSION = YES_AGGRESSIVE;
				CLANG_CXX_LANGUAGE_STANDARD = "gnu++14";
				CLANG_CXX_LIBRARY = "libc++";
				CLANG_ENABLE_MODULES = YES;
				CLANG_ENABLE_OBJC_ARC = YES;
				CLANG_ENABLE_OBJC_WEAK = YES;
				CLANG_WARN_BLOCK_CAPTURE_AUTORELEASING = YES;
				CLANG_WARN_BOOL_CONVERSION = YES;
				CLANG_WARN_COMMA = YES;
				CLANG_WARN_CONSTANT_CONVERSION = YES;
				CLANG_WARN_DEPRECATED_OBJC_IMPLEMENTATIONS = YES;
				CLANG_WARN_DIRECT_OBJC_ISA_USAGE = YES_ERROR;
				CLANG_WARN_DOCUMENTATION_COMMENTS = YES;
				CLANG_WARN_EMPTY_BODY = YES;
				CLANG_WARN_ENUM_CONVERSION = YES;
				CLANG_WARN_INFINITE_RECURSION = YES;
				CLANG_WARN_INT_CONVERSION = YES;
				CLANG_WARN_NON_LITERAL_NULL_CONVERSION = YES;
				CLANG_WARN_OBJC_IMPLICIT_RETAIN_SELF = YES;
				CLANG_WARN_OBJC_LITERAL_CONVERSION = YES;
				CLANG_WARN_OBJC_ROOT_CLASS = YES_ERROR;
				CLANG_WARN_RANGE_LOOP_ANALYSIS = YES;
				CLANG_WARN_STRICT_PROTOTYPES = YES;
				CLANG_WARN_SUSPICIOUS_MOVE = YES;
				CLANG_WARN_UNGUARDED_AVAILABILITY = YES_AGGRESSIVE;
				CLANG_WARN_UNREACHABLE_CODE = YES;
				CLANG_WARN__DUPLICATE_METHOD_MATCH = YES;
				CODE_SIGN_IDENTITY = "iPhone Developer";
				COPY_PHASE_STRIP = NO;
				DEBUG_INFORMATION_FORMAT = dwarf;
				ENABLE_STRICT_OBJC_MSGSEND = YES;
				ENABLE_TESTABILITY = YES;
				GCC_C_LANGUAGE_STANDARD = gnu11;
				GCC_DYNAMIC_NO_PIC = NO;
				GCC_NO_COMMON_BLOCKS = YES;
				GCC_OPTIMIZATION_LEVEL = 0;
				GCC_PREPROCESSOR_DEFINITIONS = (
					"DEBUG=1",
					"$(inherited)",
				);
				GCC_WARN_64_TO_32_BIT_CONVERSION = YES;
				GCC_WARN_ABOUT_RETURN_TYPE = YES_ERROR;
				GCC_WARN_UNDECLARED_SELECTOR = YES;
				GCC_WARN_UNINITIALIZED_AUTOS = YES_AGGRESSIVE;
				GCC_WARN_UNUSED_FUNCTION = YES;
				GCC_WARN_UNUSED_VARIABLE = YES;
				IPHONEOS_DEPLOYMENT_TARGET = 11.4;
				MTL_ENABLE_DEBUG_INFO = YES;
				ONLY_ACTIVE_ARCH = YES;
				SDKROOT = iphoneos;
				SWIFT_ACTIVE_COMPILATION_CONDITIONS = DEBUG;
				SWIFT_OPTIMIZATION_LEVEL = "-Onone";
			};
			name = Debug;
		};
		0244B71520EE910B0001CA88 /* Release */ = {
			isa = XCBuildConfiguration;
			buildSettings = {
				ALWAYS_SEARCH_USER_PATHS = NO;
				CLANG_ANALYZER_NONNULL = YES;
				CLANG_ANALYZER_NUMBER_OBJECT_CONVERSION = YES_AGGRESSIVE;
				CLANG_CXX_LANGUAGE_STANDARD = "gnu++14";
				CLANG_CXX_LIBRARY = "libc++";
				CLANG_ENABLE_MODULES = YES;
				CLANG_ENABLE_OBJC_ARC = YES;
				CLANG_ENABLE_OBJC_WEAK = YES;
				CLANG_WARN_BLOCK_CAPTURE_AUTORELEASING = YES;
				CLANG_WARN_BOOL_CONVERSION = YES;
				CLANG_WARN_COMMA = YES;
				CLANG_WARN_CONSTANT_CONVERSION = YES;
				CLANG_WARN_DEPRECATED_OBJC_IMPLEMENTATIONS = YES;
				CLANG_WARN_DIRECT_OBJC_ISA_USAGE = YES_ERROR;
				CLANG_WARN_DOCUMENTATION_COMMENTS = YES;
				CLANG_WARN_EMPTY_BODY = YES;
				CLANG_WARN_ENUM_CONVERSION = YES;
				CLANG_WARN_INFINITE_RECURSION = YES;
				CLANG_WARN_INT_CONVERSION = YES;
				CLANG_WARN_NON_LITERAL_NULL_CONVERSION = YES;
				CLANG_WARN_OBJC_IMPLICIT_RETAIN_SELF = YES;
				CLANG_WARN_OBJC_LITERAL_CONVERSION = YES;
				CLANG_WARN_OBJC_ROOT_CLASS = YES_ERROR;
				CLANG_WARN_RANGE_LOOP_ANALYSIS = YES;
				CLANG_WARN_STRICT_PROTOTYPES = YES;
				CLANG_WARN_SUSPICIOUS_MOVE = YES;
				CLANG_WARN_UNGUARDED_AVAILABILITY = YES_AGGRESSIVE;
				CLANG_WARN_UNREACHABLE_CODE = YES;
				CLANG_WARN__DUPLICATE_METHOD_MATCH = YES;
				CODE_SIGN_IDENTITY = "iPhone Developer";
				COPY_PHASE_STRIP = NO;
				DEBUG_INFORMATION_FORMAT = "dwarf-with-dsym";
				ENABLE_NS_ASSERTIONS = NO;
				ENABLE_STRICT_OBJC_MSGSEND = YES;
				GCC_C_LANGUAGE_STANDARD = gnu11;
				GCC_NO_COMMON_BLOCKS = YES;
				GCC_WARN_64_TO_32_BIT_CONVERSION = YES;
				GCC_WARN_ABOUT_RETURN_TYPE = YES_ERROR;
				GCC_WARN_UNDECLARED_SELECTOR = YES;
				GCC_WARN_UNINITIALIZED_AUTOS = YES_AGGRESSIVE;
				GCC_WARN_UNUSED_FUNCTION = YES;
				GCC_WARN_UNUSED_VARIABLE = YES;
				IPHONEOS_DEPLOYMENT_TARGET = 11.4;
				MTL_ENABLE_DEBUG_INFO = NO;
				SDKROOT = iphoneos;
				SWIFT_COMPILATION_MODE = wholemodule;
				SWIFT_OPTIMIZATION_LEVEL = "-O";
				VALIDATE_PRODUCT = YES;
			};
			name = Release;
		};
		0244B71720EE910B0001CA88 /* Debug */ = {
			isa = XCBuildConfiguration;
			baseConfigurationReference = 0C608F4F44AC6EDBD2AD596B /* Pods-GenesisTestTask.debug.xcconfig */;
			buildSettings = {
				ASSETCATALOG_COMPILER_APPICON_NAME = AppIcon;
				CODE_SIGN_STYLE = Automatic;
				DEVELOPMENT_TEAM = N35W696BYS;
				INFOPLIST_FILE = GenesisTestTask/Info.plist;
				LD_RUNPATH_SEARCH_PATHS = (
					"$(inherited)",
					"@executable_path/Frameworks",
				);
				PRODUCT_BUNDLE_IDENTIFIER = svch.GenesisTestTask;
				PRODUCT_NAME = "$(TARGET_NAME)";
				SWIFT_VERSION = 4.0;
				TARGETED_DEVICE_FAMILY = "1,2";
			};
			name = Debug;
		};
		0244B71820EE910B0001CA88 /* Release */ = {
			isa = XCBuildConfiguration;
			baseConfigurationReference = CFAC0B25528C0A73C3D721E1 /* Pods-GenesisTestTask.release.xcconfig */;
			buildSettings = {
				ASSETCATALOG_COMPILER_APPICON_NAME = AppIcon;
				CODE_SIGN_STYLE = Automatic;
				DEVELOPMENT_TEAM = N35W696BYS;
				INFOPLIST_FILE = GenesisTestTask/Info.plist;
				LD_RUNPATH_SEARCH_PATHS = (
					"$(inherited)",
					"@executable_path/Frameworks",
				);
				PRODUCT_BUNDLE_IDENTIFIER = svch.GenesisTestTask;
				PRODUCT_NAME = "$(TARGET_NAME)";
				SWIFT_VERSION = 4.0;
				TARGETED_DEVICE_FAMILY = "1,2";
			};
			name = Release;
		};
/* End XCBuildConfiguration section */

/* Begin XCConfigurationList section */
		0244B6FF20EE91090001CA88 /* Build configuration list for PBXProject "GenesisTestTask" */ = {
			isa = XCConfigurationList;
			buildConfigurations = (
				0244B71420EE910B0001CA88 /* Debug */,
				0244B71520EE910B0001CA88 /* Release */,
			);
			defaultConfigurationIsVisible = 0;
			defaultConfigurationName = Release;
		};
		0244B71620EE910B0001CA88 /* Build configuration list for PBXNativeTarget "GenesisTestTask" */ = {
			isa = XCConfigurationList;
			buildConfigurations = (
				0244B71720EE910B0001CA88 /* Debug */,
				0244B71820EE910B0001CA88 /* Release */,
			);
			defaultConfigurationIsVisible = 0;
			defaultConfigurationName = Release;
		};
/* End XCConfigurationList section */
	};
	rootObject = 0244B6FC20EE91090001CA88 /* Project object */;
}
