// !$*UTF8*$!
{
	archiveVersion = 1;
	classes = {
	};
	objectVersion = 50;
	objects = {

/* Begin PBXBuildFile section */
		0244B70820EE910A0001CA88 /* AppDelegate.swift in Sources */ = {isa = PBXBuildFile; fileRef = 0244B70720EE910A0001CA88 /* AppDelegate.swift */; };
		0244B70A20EE910A0001CA88 /* RepoSearchController.swift in Sources */ = {isa = PBXBuildFile; fileRef = 0244B70920EE910A0001CA88 /* RepoSearchController.swift */; };
		0244B70F20EE910B0001CA88 /* Assets.xcassets in Resources */ = {isa = PBXBuildFile; fileRef = 0244B70E20EE910B0001CA88 /* Assets.xcassets */; };
		0244B71220EE910B0001CA88 /* LaunchScreen.storyboard in Resources */ = {isa = PBXBuildFile; fileRef = 0244B71020EE910B0001CA88 /* LaunchScreen.storyboard */; };
		0297ADBC20EF557500A47E5F /* CoreDataStack.swift in Sources */ = {isa = PBXBuildFile; fileRef = 0297ADBB20EF557500A47E5F /* CoreDataStack.swift */; };
		0297ADC020EF559000A47E5F /* CoreDataModel.xcdatamodeld in Sources */ = {isa = PBXBuildFile; fileRef = 0297ADBE20EF559000A47E5F /* CoreDataModel.xcdatamodeld */; };
		0297ADC220EF5AEF00A47E5F /* SearchHistoryController.swift in Sources */ = {isa = PBXBuildFile; fileRef = 0297ADC120EF5AEF00A47E5F /* SearchHistoryController.swift */; };
		0297ADC620EF5B5000A47E5F /* SearchHistoryControllerViewModel.swift in Sources */ = {isa = PBXBuildFile; fileRef = 0297ADC520EF5B5000A47E5F /* SearchHistoryControllerViewModel.swift */; };
		0297ADC920EF5C0200A47E5F /* SearchHistoryModuleCoordinator.swift in Sources */ = {isa = PBXBuildFile; fileRef = 0297ADC820EF5C0200A47E5F /* SearchHistoryModuleCoordinator.swift */; };
		0297ADCC20EF5C7700A47E5F /* SearchHistoryController.storyboard in Resources */ = {isa = PBXBuildFile; fileRef = 0297ADCB20EF5C7700A47E5F /* SearchHistoryController.storyboard */; };
		0297ADD020EF605D00A47E5F /* AppCoordinator.swift in Sources */ = {isa = PBXBuildFile; fileRef = 0297ADCF20EF605D00A47E5F /* AppCoordinator.swift */; };
		0297ADD620EF64B800A47E5F /* SearchHistoryItemTableViewCell.swift in Sources */ = {isa = PBXBuildFile; fileRef = 0297ADD420EF64B800A47E5F /* SearchHistoryItemTableViewCell.swift */; };
		0297ADD720EF64B800A47E5F /* SearchHistoryItemTableViewCell.xib in Resources */ = {isa = PBXBuildFile; fileRef = 0297ADD520EF64B800A47E5F /* SearchHistoryItemTableViewCell.xib */; };
		0297ADDA20EF64EA00A47E5F /* SearchHistoryItemTableViewCellViewModel.swift in Sources */ = {isa = PBXBuildFile; fileRef = 0297ADD920EF64EA00A47E5F /* SearchHistoryItemTableViewCellViewModel.swift */; };
		0297ADDC20EF6CF800A47E5F /* SearchHistoryItemController.swift in Sources */ = {isa = PBXBuildFile; fileRef = 0297ADDB20EF6CF800A47E5F /* SearchHistoryItemController.swift */; };
		0297ADDE20EF6D2B00A47E5F /* SearchHistoryItemControllerViewModel.swift in Sources */ = {isa = PBXBuildFile; fileRef = 0297ADDD20EF6D2B00A47E5F /* SearchHistoryItemControllerViewModel.swift */; };
		0297ADE020EF6D8400A47E5F /* SearchHistoryItemController.storyboard in Resources */ = {isa = PBXBuildFile; fileRef = 0297ADDF20EF6D8400A47E5F /* SearchHistoryItemController.storyboard */; };
		0297ADE320EF73B600A47E5F /* RepoWebPresenter.swift in Sources */ = {isa = PBXBuildFile; fileRef = 0297ADE220EF73B600A47E5F /* RepoWebPresenter.swift */; };
		0297ADE520EF8D1700A47E5F /* CustomWebView.swift in Sources */ = {isa = PBXBuildFile; fileRef = 0297ADE420EF8D1700A47E5F /* CustomWebView.swift */; };
		02DB5B8520EE94E600DBEB5A /* ControllerType.swift in Sources */ = {isa = PBXBuildFile; fileRef = 02DB5B8420EE94E600DBEB5A /* ControllerType.swift */; };
		02DB5B8720EE950B00DBEB5A /* ViewModelType.swift in Sources */ = {isa = PBXBuildFile; fileRef = 02DB5B8620EE950B00DBEB5A /* ViewModelType.swift */; };
		02DB5B8920EE953500DBEB5A /* CoordinatorType.swift in Sources */ = {isa = PBXBuildFile; fileRef = 02DB5B8820EE953500DBEB5A /* CoordinatorType.swift */; };
		02DB5B8C20EE95FB00DBEB5A /* RepoSearchControllerViewModel.swift in Sources */ = {isa = PBXBuildFile; fileRef = 02DB5B8B20EE95FB00DBEB5A /* RepoSearchControllerViewModel.swift */; };
		02DB5B8E20EE974800DBEB5A /* RepoSearchModuleCoordinator.swift in Sources */ = {isa = PBXBuildFile; fileRef = 02DB5B8D20EE974800DBEB5A /* RepoSearchModuleCoordinator.swift */; };
		02DB5B9420EE98C200DBEB5A /* RepoSearchController.storyboard in Resources */ = {isa = PBXBuildFile; fileRef = 02DB5B9320EE98C200DBEB5A /* RepoSearchController.storyboard */; };
		02DB5B9820EE9F9600DBEB5A /* RepoFetchService.swift in Sources */ = {isa = PBXBuildFile; fileRef = 02DB5B9720EE9F9600DBEB5A /* RepoFetchService.swift */; };
		02DB5B9B20EEA03A00DBEB5A /* SearchResponse.swift in Sources */ = {isa = PBXBuildFile; fileRef = 02DB5B9A20EEA03A00DBEB5A /* SearchResponse.swift */; };
		02DB5B9E20EEA0F500DBEB5A /* RepoInfo.swift in Sources */ = {isa = PBXBuildFile; fileRef = 02DB5B9D20EEA0F500DBEB5A /* RepoInfo.swift */; };
		02DB5BA020EEA17500DBEB5A /* JSONStubs.swift in Sources */ = {isa = PBXBuildFile; fileRef = 02DB5B9F20EEA17500DBEB5A /* JSONStubs.swift */; };
		02DB5BA320EEA41C00DBEB5A /* APIAction.swift in Sources */ = {isa = PBXBuildFile; fileRef = 02DB5BA220EEA41C00DBEB5A /* APIAction.swift */; };
		02DB5BA620EEA45700DBEB5A /* SearchReposAPIAction.swift in Sources */ = {isa = PBXBuildFile; fileRef = 02DB5BA520EEA45700DBEB5A /* SearchReposAPIAction.swift */; };
		02DB5BA920EEABDB00DBEB5A /* RepoListTableViewCell.swift in Sources */ = {isa = PBXBuildFile; fileRef = 02DB5BA720EEABDB00DBEB5A /* RepoListTableViewCell.swift */; };
		02DB5BAA20EEABDB00DBEB5A /* RepoListTableViewCell.xib in Resources */ = {isa = PBXBuildFile; fileRef = 02DB5BA820EEABDB00DBEB5A /* RepoListTableViewCell.xib */; };
		02DB5BAD20EEAE2300DBEB5A /* ReuseableCellType.swift in Sources */ = {isa = PBXBuildFile; fileRef = 02DB5BAC20EEAE2300DBEB5A /* ReuseableCellType.swift */; };
		02DB5BAF20EEAE9A00DBEB5A /* RepoListTableViewCellViewModel.swift in Sources */ = {isa = PBXBuildFile; fileRef = 02DB5BAE20EEAE9A00DBEB5A /* RepoListTableViewCellViewModel.swift */; };
		02DB5BB120EEB24D00DBEB5A /* UITableView+Extensions.swift in Sources */ = {isa = PBXBuildFile; fileRef = 02DB5BB020EEB24D00DBEB5A /* UITableView+Extensions.swift */; };
		02DB5BB320EF307900DBEB5A /* Errors.swift in Sources */ = {isa = PBXBuildFile; fileRef = 02DB5BB220EF307900DBEB5A /* Errors.swift */; };
		02DB5BB520EF41AA00DBEB5A /* UIViewController+Extensions.swift in Sources */ = {isa = PBXBuildFile; fileRef = 02DB5BB420EF41AA00DBEB5A /* UIViewController+Extensions.swift */; };
		484373931E46204EDD704AEC /* Pods_GenesisTestTask.framework in Frameworks */ = {isa = PBXBuildFile; fileRef = 5710C8E1403B7E11AB8DD108 /* Pods_GenesisTestTask.framework */; };
/* End PBXBuildFile section */

/* Begin PBXFileReference section */
		0244B70420EE91090001CA88 /* GenesisTestTask.app */ = {isa = PBXFileReference; explicitFileType = wrapper.application; includeInIndex = 0; path = GenesisTestTask.app; sourceTree = BUILT_PRODUCTS_DIR; };
		0244B70720EE910A0001CA88 /* AppDelegate.swift */ = {isa = PBXFileReference; lastKnownFileType = sourcecode.swift; path = AppDelegate.swift; sourceTree = "<group>"; };
		0244B70920EE910A0001CA88 /* RepoSearchController.swift */ = {isa = PBXFileReference; lastKnownFileType = sourcecode.swift; path = RepoSearchController.swift; sourceTree = "<group>"; };
		0244B70E20EE910B0001CA88 /* Assets.xcassets */ = {isa = PBXFileReference; lastKnownFileType = folder.assetcatalog; path = Assets.xcassets; sourceTree = "<group>"; };
		0244B71120EE910B0001CA88 /* Base */ = {isa = PBXFileReference; lastKnownFileType = file.storyboard; name = Base; path = Base.lproj/LaunchScreen.storyboard; sourceTree = "<group>"; };
		0244B71320EE910B0001CA88 /* Info.plist */ = {isa = PBXFileReference; lastKnownFileType = text.plist.xml; path = Info.plist; sourceTree = "<group>"; };
		0297ADBB20EF557500A47E5F /* CoreDataStack.swift */ = {isa = PBXFileReference; lastKnownFileType = sourcecode.swift; path = CoreDataStack.swift; sourceTree = "<group>"; };
		0297ADBF20EF559000A47E5F /* CoreDataModel.xcdatamodel */ = {isa = PBXFileReference; lastKnownFileType = wrapper.xcdatamodel; path = CoreDataModel.xcdatamodel; sourceTree = "<group>"; };
		0297ADC120EF5AEF00A47E5F /* SearchHistoryController.swift */ = {isa = PBXFileReference; lastKnownFileType = sourcecode.swift; path = SearchHistoryController.swift; sourceTree = "<group>"; };
		0297ADC520EF5B5000A47E5F /* SearchHistoryControllerViewModel.swift */ = {isa = PBXFileReference; lastKnownFileType = sourcecode.swift; path = SearchHistoryControllerViewModel.swift; sourceTree = "<group>"; };
		0297ADC820EF5C0200A47E5F /* SearchHistoryModuleCoordinator.swift */ = {isa = PBXFileReference; lastKnownFileType = sourcecode.swift; path = SearchHistoryModuleCoordinator.swift; sourceTree = "<group>"; };
		0297ADCB20EF5C7700A47E5F /* SearchHistoryController.storyboard */ = {isa = PBXFileReference; lastKnownFileType = file.storyboard; path = SearchHistoryController.storyboard; sourceTree = "<group>"; };
		0297ADCF20EF605D00A47E5F /* AppCoordinator.swift */ = {isa = PBXFileReference; lastKnownFileType = sourcecode.swift; path = AppCoordinator.swift; sourceTree = "<group>"; };
		0297ADD420EF64B800A47E5F /* SearchHistoryItemTableViewCell.swift */ = {isa = PBXFileReference; lastKnownFileType = sourcecode.swift; path = SearchHistoryItemTableViewCell.swift; sourceTree = "<group>"; };
		0297ADD520EF64B800A47E5F /* SearchHistoryItemTableViewCell.xib */ = {isa = PBXFileReference; lastKnownFileType = file.xib; path = SearchHistoryItemTableViewCell.xib; sourceTree = "<group>"; };
		0297ADD920EF64EA00A47E5F /* SearchHistoryItemTableViewCellViewModel.swift */ = {isa = PBXFileReference; lastKnownFileType = sourcecode.swift; path = SearchHistoryItemTableViewCellViewModel.swift; sourceTree = "<group>"; };
		0297ADDB20EF6CF800A47E5F /* SearchHistoryItemController.swift */ = {isa = PBXFileReference; lastKnownFileType = sourcecode.swift; path = SearchHistoryItemController.swift; sourceTree = "<group>"; };
		0297ADDD20EF6D2B00A47E5F /* SearchHistoryItemControllerViewModel.swift */ = {isa = PBXFileReference; lastKnownFileType = sourcecode.swift; path = SearchHistoryItemControllerViewModel.swift; sourceTree = "<group>"; };
		0297ADDF20EF6D8400A47E5F /* SearchHistoryItemController.storyboard */ = {isa = PBXFileReference; lastKnownFileType = file.storyboard; path = SearchHistoryItemController.storyboard; sourceTree = "<group>"; };
		0297ADE220EF73B600A47E5F /* RepoWebPresenter.swift */ = {isa = PBXFileReference; lastKnownFileType = sourcecode.swift; path = RepoWebPresenter.swift; sourceTree = "<group>"; };
		0297ADE420EF8D1700A47E5F /* CustomWebView.swift */ = {isa = PBXFileReference; lastKnownFileType = sourcecode.swift; path = CustomWebView.swift; sourceTree = "<group>"; };
		02DB5B8420EE94E600DBEB5A /* ControllerType.swift */ = {isa = PBXFileReference; lastKnownFileType = sourcecode.swift; path = ControllerType.swift; sourceTree = "<group>"; };
		02DB5B8620EE950B00DBEB5A /* ViewModelType.swift */ = {isa = PBXFileReference; lastKnownFileType = sourcecode.swift; path = ViewModelType.swift; sourceTree = "<group>"; };
		02DB5B8820EE953500DBEB5A /* CoordinatorType.swift */ = {isa = PBXFileReference; lastKnownFileType = sourcecode.swift; path = CoordinatorType.swift; sourceTree = "<group>"; };
		02DB5B8B20EE95FB00DBEB5A /* RepoSearchControllerViewModel.swift */ = {isa = PBXFileReference; lastKnownFileType = sourcecode.swift; path = RepoSearchControllerViewModel.swift; sourceTree = "<group>"; };
		02DB5B8D20EE974800DBEB5A /* RepoSearchModuleCoordinator.swift */ = {isa = PBXFileReference; lastKnownFileType = sourcecode.swift; path = RepoSearchModuleCoordinator.swift; sourceTree = "<group>"; };
		02DB5B9320EE98C200DBEB5A /* RepoSearchController.storyboard */ = {isa = PBXFileReference; lastKnownFileType = file.storyboard; path = RepoSearchController.storyboard; sourceTree = "<group>"; };
		02DB5B9720EE9F9600DBEB5A /* RepoFetchService.swift */ = {isa = PBXFileReference; lastKnownFileType = sourcecode.swift; path = RepoFetchService.swift; sourceTree = "<group>"; };
		02DB5B9A20EEA03A00DBEB5A /* SearchResponse.swift */ = {isa = PBXFileReference; lastKnownFileType = sourcecode.swift; path = SearchResponse.swift; sourceTree = "<group>"; };
		02DB5B9D20EEA0F500DBEB5A /* RepoInfo.swift */ = {isa = PBXFileReference; lastKnownFileType = sourcecode.swift; path = RepoInfo.swift; sourceTree = "<group>"; };
		02DB5B9F20EEA17500DBEB5A /* JSONStubs.swift */ = {isa = PBXFileReference; lastKnownFileType = sourcecode.swift; path = JSONStubs.swift; sourceTree = "<group>"; };
		02DB5BA220EEA41C00DBEB5A /* APIAction.swift */ = {isa = PBXFileReference; lastKnownFileType = sourcecode.swift; path = APIAction.swift; sourceTree = "<group>"; };
		02DB5BA520EEA45700DBEB5A /* SearchReposAPIAction.swift */ = {isa = PBXFileReference; lastKnownFileType = sourcecode.swift; path = SearchReposAPIAction.swift; sourceTree = "<group>"; };
		02DB5BA720EEABDB00DBEB5A /* RepoListTableViewCell.swift */ = {isa = PBXFileReference; lastKnownFileType = sourcecode.swift; path = RepoListTableViewCell.swift; sourceTree = "<group>"; };
		02DB5BA820EEABDB00DBEB5A /* RepoListTableViewCell.xib */ = {isa = PBXFileReference; lastKnownFileType = file.xib; path = RepoListTableViewCell.xib; sourceTree = "<group>"; };
		02DB5BAC20EEAE2300DBEB5A /* ReuseableCellType.swift */ = {isa = PBXFileReference; lastKnownFileType = sourcecode.swift; path = ReuseableCellType.swift; sourceTree = "<group>"; };
		02DB5BAE20EEAE9A00DBEB5A /* RepoListTableViewCellViewModel.swift */ = {isa = PBXFileReference; lastKnownFileType = sourcecode.swift; path = RepoListTableViewCellViewModel.swift; sourceTree = "<group>"; };
		02DB5BB020EEB24D00DBEB5A /* UITableView+Extensions.swift */ = {isa = PBXFileReference; lastKnownFileType = sourcecode.swift; path = "UITableView+Extensions.swift"; sourceTree = "<group>"; };
		02DB5BB220EF307900DBEB5A /* Errors.swift */ = {isa = PBXFileReference; lastKnownFileType = sourcecode.swift; path = Errors.swift; sourceTree = "<group>"; };
		02DB5BB420EF41AA00DBEB5A /* UIViewController+Extensions.swift */ = {isa = PBXFileReference; lastKnownFileType = sourcecode.swift; path = "UIViewController+Extensions.swift"; sourceTree = "<group>"; };
		0C608F4F44AC6EDBD2AD596B /* Pods-GenesisTestTask.debug.xcconfig */ = {isa = PBXFileReference; includeInIndex = 1; lastKnownFileType = text.xcconfig; name = "Pods-GenesisTestTask.debug.xcconfig"; path = "Pods/Target Support Files/Pods-GenesisTestTask/Pods-GenesisTestTask.debug.xcconfig"; sourceTree = "<group>"; };
		5710C8E1403B7E11AB8DD108 /* Pods_GenesisTestTask.framework */ = {isa = PBXFileReference; explicitFileType = wrapper.framework; includeInIndex = 0; path = Pods_GenesisTestTask.framework; sourceTree = BUILT_PRODUCTS_DIR; };
		CFAC0B25528C0A73C3D721E1 /* Pods-GenesisTestTask.release.xcconfig */ = {isa = PBXFileReference; includeInIndex = 1; lastKnownFileType = text.xcconfig; name = "Pods-GenesisTestTask.release.xcconfig"; path = "Pods/Target Support Files/Pods-GenesisTestTask/Pods-GenesisTestTask.release.xcconfig"; sourceTree = "<group>"; };
/* End PBXFileReference section */

/* Begin PBXFrameworksBuildPhase section */
		0244B70120EE91090001CA88 /* Frameworks */ = {
			isa = PBXFrameworksBuildPhase;
			buildActionMask = 2147483647;
			files = (
				484373931E46204EDD704AEC /* Pods_GenesisTestTask.framework in Frameworks */,
			);
			runOnlyForDeploymentPostprocessing = 0;
		};
/* End PBXFrameworksBuildPhase section */

/* Begin PBXGroup section */
		0244B6FB20EE91090001CA88 = {
			isa = PBXGroup;
			children = (
				0244B70620EE91090001CA88 /* GenesisTestTask */,
				0244B70520EE91090001CA88 /* Products */,
				413AA9E17BABB7995CEA082E /* Pods */,
				807DE654ABB9F5EEA05C419E /* Frameworks */,
			);
			sourceTree = "<group>";
		};
		0244B70520EE91090001CA88 /* Products */ = {
			isa = PBXGroup;
			children = (
				0244B70420EE91090001CA88 /* GenesisTestTask.app */,
			);
			name = Products;
			sourceTree = "<group>";
		};
		0244B70620EE91090001CA88 /* GenesisTestTask */ = {
			isa = PBXGroup;
			children = (
				0244B70720EE910A0001CA88 /* AppDelegate.swift */,
				0297ADD120EF60FC00A47E5F /* AppCoordinator */,
				02DB5B9620EE9A4500DBEB5A /* Modules */,
				0297ADD220EF62C200A47E5F /* Shared */,
				0297ADBD20EF557B00A47E5F /* CoreData */,
				02DB5B9920EE9FE100DBEB5A /* Network */,
				02DB5B9C20EEA0C200DBEB5A /* Models */,
				02DB5BA120EEA1BB00DBEB5A /* Utility */,
				0244B70E20EE910B0001CA88 /* Assets.xcassets */,
				0244B71020EE910B0001CA88 /* LaunchScreen.storyboard */,
				0244B71320EE910B0001CA88 /* Info.plist */,
			);
			path = GenesisTestTask;
			sourceTree = "<group>";
		};
		0297ADBD20EF557B00A47E5F /* CoreData */ = {
			isa = PBXGroup;
			children = (
				0297ADBB20EF557500A47E5F /* CoreDataStack.swift */,
				0297ADBE20EF559000A47E5F /* CoreDataModel.xcdatamodeld */,
			);
			path = CoreData;
			sourceTree = "<group>";
		};
		0297ADC320EF5AFB00A47E5F /* SearchHistoryModule */ = {
			isa = PBXGroup;
			children = (
				0297ADC420EF5B0700A47E5F /* Controllers */,
				0297ADC720EF5B5500A47E5F /* ViewModels */,
				0297ADCA20EF5C0700A47E5F /* Coordinators */,
				0297ADCD20EF5C9900A47E5F /* UI */,
			);
			path = SearchHistoryModule;
			sourceTree = "<group>";
		};
		0297ADC420EF5B0700A47E5F /* Controllers */ = {
			isa = PBXGroup;
			children = (
				0297ADC120EF5AEF00A47E5F /* SearchHistoryController.swift */,
				0297ADDB20EF6CF800A47E5F /* SearchHistoryItemController.swift */,
			);
			path = Controllers;
			sourceTree = "<group>";
		};
		0297ADC720EF5B5500A47E5F /* ViewModels */ = {
			isa = PBXGroup;
			children = (
				0297ADC520EF5B5000A47E5F /* SearchHistoryControllerViewModel.swift */,
				0297ADD920EF64EA00A47E5F /* SearchHistoryItemTableViewCellViewModel.swift */,
				0297ADDD20EF6D2B00A47E5F /* SearchHistoryItemControllerViewModel.swift */,
			);
			path = ViewModels;
			sourceTree = "<group>";
		};
		0297ADCA20EF5C0700A47E5F /* Coordinators */ = {
			isa = PBXGroup;
			children = (
				0297ADC820EF5C0200A47E5F /* SearchHistoryModuleCoordinator.swift */,
			);
			path = Coordinators;
			sourceTree = "<group>";
		};
		0297ADCD20EF5C9900A47E5F /* UI */ = {
			isa = PBXGroup;
			children = (
				0297ADCB20EF5C7700A47E5F /* SearchHistoryController.storyboard */,
				0297ADD820EF64BB00A47E5F /* Cells */,
				0297ADDF20EF6D8400A47E5F /* SearchHistoryItemController.storyboard */,
			);
			path = UI;
			sourceTree = "<group>";
		};
		0297ADD120EF60FC00A47E5F /* AppCoordinator */ = {
			isa = PBXGroup;
			children = (
				0297ADCF20EF605D00A47E5F /* AppCoordinator.swift */,
			);
			path = AppCoordinator;
			sourceTree = "<group>";
		};
		0297ADD220EF62C200A47E5F /* Shared */ = {
			isa = PBXGroup;
			children = (
				0297ADD320EF62E500A47E5F /* UI */,
				02DB5B8A20EE955C00DBEB5A /* Protocols */,
			);
			path = Shared;
			sourceTree = "<group>";
		};
		0297ADD320EF62E500A47E5F /* UI */ = {
			isa = PBXGroup;
			children = (
				02DB5BAB20EEABDF00DBEB5A /* Cells */,
				0297ADE420EF8D1700A47E5F /* CustomWebView.swift */,
			);
			path = UI;
			sourceTree = "<group>";
		};
		0297ADD820EF64BB00A47E5F /* Cells */ = {
			isa = PBXGroup;
			children = (
				0297ADD420EF64B800A47E5F /* SearchHistoryItemTableViewCell.swift */,
				0297ADD520EF64B800A47E5F /* SearchHistoryItemTableViewCell.xib */,
			);
			path = Cells;
			sourceTree = "<group>";
		};
		0297ADE120EF738800A47E5F /* Extensions */ = {
			isa = PBXGroup;
			children = (
				02DB5BB020EEB24D00DBEB5A /* UITableView+Extensions.swift */,
				02DB5BB420EF41AA00DBEB5A /* UIViewController+Extensions.swift */,
			);
			path = Extensions;
			sourceTree = "<group>";
		};
		02DB5B8A20EE955C00DBEB5A /* Protocols */ = {
			isa = PBXGroup;
			children = (
				02DB5B8420EE94E600DBEB5A /* ControllerType.swift */,
				02DB5B8620EE950B00DBEB5A /* ViewModelType.swift */,
				02DB5B8820EE953500DBEB5A /* CoordinatorType.swift */,
				02DB5BAC20EEAE2300DBEB5A /* ReuseableCellType.swift */,
				0297ADE220EF73B600A47E5F /* RepoWebPresenter.swift */,
			);
			path = Protocols;
			sourceTree = "<group>";
		};
		02DB5B8F20EE97E400DBEB5A /* RepoSearchModule */ = {
			isa = PBXGroup;
			children = (
				02DB5B9020EE97F800DBEB5A /* Coordinators */,
				02DB5B9120EE980000DBEB5A /* Controllers */,
				02DB5B9220EE980B00DBEB5A /* ViewModels */,
				02DB5B9520EE98C800DBEB5A /* UI */,
			);
			path = RepoSearchModule;
			sourceTree = "<group>";
		};
		02DB5B9020EE97F800DBEB5A /* Coordinators */ = {
			isa = PBXGroup;
			children = (
				02DB5B8D20EE974800DBEB5A /* RepoSearchModuleCoordinator.swift */,
			);
			path = Coordinators;
			sourceTree = "<group>";
		};
		02DB5B9120EE980000DBEB5A /* Controllers */ = {
			isa = PBXGroup;
			children = (
				0244B70920EE910A0001CA88 /* RepoSearchController.swift */,
			);
			path = Controllers;
			sourceTree = "<group>";
		};
		02DB5B9220EE980B00DBEB5A /* ViewModels */ = {
			isa = PBXGroup;
			children = (
				02DB5B8B20EE95FB00DBEB5A /* RepoSearchControllerViewModel.swift */,
				02DB5BAE20EEAE9A00DBEB5A /* RepoListTableViewCellViewModel.swift */,
			);
			path = ViewModels;
			sourceTree = "<group>";
		};
		02DB5B9520EE98C800DBEB5A /* UI */ = {
			isa = PBXGroup;
			children = (
				02DB5B9320EE98C200DBEB5A /* RepoSearchController.storyboard */,
			);
			path = UI;
			sourceTree = "<group>";
		};
		02DB5B9620EE9A4500DBEB5A /* Modules */ = {
			isa = PBXGroup;
			children = (
				02DB5B8F20EE97E400DBEB5A /* RepoSearchModule */,
				0297ADC320EF5AFB00A47E5F /* SearchHistoryModule */,
			);
			path = Modules;
			sourceTree = "<group>";
		};
		02DB5B9920EE9FE100DBEB5A /* Network */ = {
			isa = PBXGroup;
			children = (
				02DB5B9720EE9F9600DBEB5A /* RepoFetchService.swift */,
				02DB5BA420EEA44700DBEB5A /* APIActions */,
			);
			path = Network;
			sourceTree = "<group>";
		};
		02DB5B9C20EEA0C200DBEB5A /* Models */ = {
			isa = PBXGroup;
			children = (
				02DB5B9A20EEA03A00DBEB5A /* SearchResponse.swift */,
				02DB5B9D20EEA0F500DBEB5A /* RepoInfo.swift */,
			);
			path = Models;
			sourceTree = "<group>";
		};
		02DB5BA120EEA1BB00DBEB5A /* Utility */ = {
			isa = PBXGroup;
			children = (
				0297ADE120EF738800A47E5F /* Extensions */,
				02DB5B9F20EEA17500DBEB5A /* JSONStubs.swift */,
				02DB5BB220EF307900DBEB5A /* Errors.swift */,
			);
			path = Utility;
			sourceTree = "<group>";
		};
		02DB5BA420EEA44700DBEB5A /* APIActions */ = {
			isa = PBXGroup;
			children = (
				02DB5BA220EEA41C00DBEB5A /* APIAction.swift */,
				02DB5BA520EEA45700DBEB5A /* SearchReposAPIAction.swift */,
			);
			path = APIActions;
			sourceTree = "<group>";
		};
		02DB5BAB20EEABDF00DBEB5A /* Cells */ = {
			isa = PBXGroup;
			children = (
				02DB5BA720EEABDB00DBEB5A /* RepoListTableViewCell.swift */,
				02DB5BA820EEABDB00DBEB5A /* RepoListTableViewCell.xib */,
			);
			path = Cells;
			sourceTree = "<group>";
		};
		413AA9E17BABB7995CEA082E /* Pods */ = {
			isa = PBXGroup;
			children = (
				0C608F4F44AC6EDBD2AD596B /* Pods-GenesisTestTask.debug.xcconfig */,
				CFAC0B25528C0A73C3D721E1 /* Pods-GenesisTestTask.release.xcconfig */,
			);
			name = Pods;
			sourceTree = "<group>";
		};
		807DE654ABB9F5EEA05C419E /* Frameworks */ = {
			isa = PBXGroup;
			children = (
				5710C8E1403B7E11AB8DD108 /* Pods_GenesisTestTask.framework */,
			);
			name = Frameworks;
			sourceTree = "<group>";
		};
/* End PBXGroup section */

/* Begin PBXNativeTarget section */
		0244B70320EE91090001CA88 /* GenesisTestTask */ = {
			isa = PBXNativeTarget;
			buildConfigurationList = 0244B71620EE910B0001CA88 /* Build configuration list for PBXNativeTarget "GenesisTestTask" */;
			buildPhases = (
				9917B52AD887B5BCE1928A13 /* [CP] Check Pods Manifest.lock */,
				0244B70020EE91090001CA88 /* Sources */,
				0244B70120EE91090001CA88 /* Frameworks */,
				0244B70220EE91090001CA88 /* Resources */,
				756D49DE70348343578306B9 /* [CP] Embed Pods Frameworks */,
			);
			buildRules = (
			);
			dependencies = (
			);
			name = GenesisTestTask;
			productName = GenesisTestTask;
			productReference = 0244B70420EE91090001CA88 /* GenesisTestTask.app */;
			productType = "com.apple.product-type.application";
		};
/* End PBXNativeTarget section */

/* Begin PBXProject section */
		0244B6FC20EE91090001CA88 /* Project object */ = {
			isa = PBXProject;
			attributes = {
				LastSwiftUpdateCheck = 0940;
				LastUpgradeCheck = 0940;
				ORGANIZATIONNAME = "Alexey Savchenko";
				TargetAttributes = {
					0244B70320EE91090001CA88 = {
						CreatedOnToolsVersion = 9.4.1;
					};
				};
			};
			buildConfigurationList = 0244B6FF20EE91090001CA88 /* Build configuration list for PBXProject "GenesisTestTask" */;
			compatibilityVersion = "Xcode 9.3";
			developmentRegion = en;
			hasScannedForEncodings = 0;
			knownRegions = (
				en,
				Base,
			);
			mainGroup = 0244B6FB20EE91090001CA88;
			productRefGroup = 0244B70520EE91090001CA88 /* Products */;
			projectDirPath = "";
			projectRoot = "";
			targets = (
				0244B70320EE91090001CA88 /* GenesisTestTask */,
			);
		};
/* End PBXProject section */

/* Begin PBXResourcesBuildPhase section */
		0244B70220EE91090001CA88 /* Resources */ = {
			isa = PBXResourcesBuildPhase;
			buildActionMask = 2147483647;
			files = (
				02DB5B9420EE98C200DBEB5A /* RepoSearchController.storyboard in Resources */,
				0297ADD720EF64B800A47E5F /* SearchHistoryItemTableViewCell.xib in Resources */,
				0244B71220EE910B0001CA88 /* LaunchScreen.storyboard in Resources */,
				0244B70F20EE910B0001CA88 /* Assets.xcassets in Resources */,
				0297ADE020EF6D8400A47E5F /* SearchHistoryItemController.storyboard in Resources */,
				02DB5BAA20EEABDB00DBEB5A /* RepoListTableViewCell.xib in Resources */,
				0297ADCC20EF5C7700A47E5F /* SearchHistoryController.storyboard in Resources */,
			);
			runOnlyForDeploymentPostprocessing = 0;
		};
/* End PBXResourcesBuildPhase section */

/* Begin PBXShellScriptBuildPhase section */
		756D49DE70348343578306B9 /* [CP] Embed Pods Frameworks */ = {
			isa = PBXShellScriptBuildPhase;
			buildActionMask = 2147483647;
			files = (
			);
			inputPaths = (
				"${SRCROOT}/Pods/Target Support Files/Pods-GenesisTestTask/Pods-GenesisTestTask-frameworks.sh",
				"${BUILT_PRODUCTS_DIR}/Alamofire/Alamofire.framework",
				"${BUILT_PRODUCTS_DIR}/RxCocoa/RxCocoa.framework",
				"${BUILT_PRODUCTS_DIR}/RxSwift/RxSwift.framework",
				"${BUILT_PRODUCTS_DIR}/SDWebImage/SDWebImage.framework",
			);
			name = "[CP] Embed Pods Frameworks";
			outputPaths = (
				"${TARGET_BUILD_DIR}/${FRAMEWORKS_FOLDER_PATH}/Alamofire.framework",
				"${TARGET_BUILD_DIR}/${FRAMEWORKS_FOLDER_PATH}/RxCocoa.framework",
				"${TARGET_BUILD_DIR}/${FRAMEWORKS_FOLDER_PATH}/RxSwift.framework",
				"${TARGET_BUILD_DIR}/${FRAMEWORKS_FOLDER_PATH}/SDWebImage.framework",
			);
			runOnlyForDeploymentPostprocessing = 0;
			shellPath = /bin/sh;
			shellScript = "\"${SRCROOT}/Pods/Target Support Files/Pods-GenesisTestTask/Pods-GenesisTestTask-frameworks.sh\"\n";
			showEnvVarsInLog = 0;
		};
		9917B52AD887B5BCE1928A13 /* [CP] Check Pods Manifest.lock */ = {
			isa = PBXShellScriptBuildPhase;
			buildActionMask = 2147483647;
			files = (
			);
			inputPaths = (
				"${PODS_PODFILE_DIR_PATH}/Podfile.lock",
				"${PODS_ROOT}/Manifest.lock",
			);
			name = "[CP] Check Pods Manifest.lock";
			outputPaths = (
				"$(DERIVED_FILE_DIR)/Pods-GenesisTestTask-checkManifestLockResult.txt",
			);
			runOnlyForDeploymentPostprocessing = 0;
			shellPath = /bin/sh;
			shellScript = "diff \"${PODS_PODFILE_DIR_PATH}/Podfile.lock\" \"${PODS_ROOT}/Manifest.lock\" > /dev/null\nif [ $? != 0 ] ; then\n    # print error to STDERR\n    echo \"error: The sandbox is not in sync with the Podfile.lock. Run 'pod install' or update your CocoaPods installation.\" >&2\n    exit 1\nfi\n# This output is used by Xcode 'outputs' to avoid re-running this script phase.\necho \"SUCCESS\" > \"${SCRIPT_OUTPUT_FILE_0}\"\n";
			showEnvVarsInLog = 0;
		};
/* End PBXShellScriptBuildPhase section */

/* Begin PBXSourcesBuildPhase section */
		0244B70020EE91090001CA88 /* Sources */ = {
			isa = PBXSourcesBuildPhase;
			buildActionMask = 2147483647;
			files = (
				0297ADDE20EF6D2B00A47E5F /* SearchHistoryItemControllerViewModel.swift in Sources */,
				02DB5BAF20EEAE9A00DBEB5A /* RepoListTableViewCellViewModel.swift in Sources */,
				0297ADDC20EF6CF800A47E5F /* SearchHistoryItemController.swift in Sources */,
				0297ADD620EF64B800A47E5F /* SearchHistoryItemTableViewCell.swift in Sources */,
				0297ADC920EF5C0200A47E5F /* SearchHistoryModuleCoordinator.swift in Sources */,
				0297ADD020EF605D00A47E5F /* AppCoordinator.swift in Sources */,
				02DB5BA020EEA17500DBEB5A /* JSONStubs.swift in Sources */,
				02DB5B8720EE950B00DBEB5A /* ViewModelType.swift in Sources */,
				02DB5B9E20EEA0F500DBEB5A /* RepoInfo.swift in Sources */,
				02DB5BA920EEABDB00DBEB5A /* RepoListTableViewCell.swift in Sources */,
				0297ADC020EF559000A47E5F /* CoreDataModel.xcdatamodeld in Sources */,
				0297ADE520EF8D1700A47E5F /* CustomWebView.swift in Sources */,
				02DB5B8520EE94E600DBEB5A /* ControllerType.swift in Sources */,
				02DB5BB520EF41AA00DBEB5A /* UIViewController+Extensions.swift in Sources */,
				0297ADC220EF5AEF00A47E5F /* SearchHistoryController.swift in Sources */,
				02DB5B9820EE9F9600DBEB5A /* RepoFetchService.swift in Sources */,
				0297ADC620EF5B5000A47E5F /* SearchHistoryControllerViewModel.swift in Sources */,
				02DB5BAD20EEAE2300DBEB5A /* ReuseableCellType.swift in Sources */,
				02DB5BB120EEB24D00DBEB5A /* UITableView+Extensions.swift in Sources */,
				0244B70A20EE910A0001CA88 /* RepoSearchController.swift in Sources */,
				02DB5BA320EEA41C00DBEB5A /* APIAction.swift in Sources */,
				0244B70820EE910A0001CA88 /* AppDelegate.swift in Sources */,
				02DB5B8E20EE974800DBEB5A /* RepoSearchModuleCoordinator.swift in Sources */,
				02DB5BA620EEA45700DBEB5A /* SearchReposAPIAction.swift in Sources */,
				0297ADBC20EF557500A47E5F /* CoreDataStack.swift in Sources */,
				02DB5B8C20EE95FB00DBEB5A /* RepoSearchControllerViewModel.swift in Sources */,
				0297ADDA20EF64EA00A47E5F /* SearchHistoryItemTableViewCellViewModel.swift in Sources */,
				02DB5B8920EE953500DBEB5A /* CoordinatorType.swift in Sources */,
				02DB5BB320EF307900DBEB5A /* Errors.swift in Sources */,
				02DB5B9B20EEA03A00DBEB5A /* SearchResponse.swift in Sources */,
				0297ADE320EF73B600A47E5F /* RepoWebPresenter.swift in Sources */,
			);
			runOnlyForDeploymentPostprocessing = 0;
		};
/* End PBXSourcesBuildPhase section */

/* Begin PBXVariantGroup section */
		0244B71020EE910B0001CA88 /* LaunchScreen.storyboard */ = {
			isa = PBXVariantGroup;
			children = (
				0244B71120EE910B0001CA88 /* Base */,
			);
			name = LaunchScreen.storyboard;
			sourceTree = "<group>";
		};
/* End PBXVariantGroup section */

/* Begin XCBuildConfiguration section */
		0244B71420EE910B0001CA88 /* Debug */ = {
			isa = XCBuildConfiguration;
			buildSettings = {
				ALWAYS_SEARCH_USER_PATHS = NO;
				CLANG_ANALYZER_NONNULL = YES;
				CLANG_ANALYZER_NUMBER_OBJECT_CONVERSION = YES_AGGRESSIVE;
				CLANG_CXX_LANGUAGE_STANDARD = "gnu++14";
				CLANG_CXX_LIBRARY = "libc++";
				CLANG_ENABLE_MODULES = YES;
				CLANG_ENABLE_OBJC_ARC = YES;
				CLANG_ENABLE_OBJC_WEAK = YES;
				CLANG_WARN_BLOCK_CAPTURE_AUTORELEASING = YES;
				CLANG_WARN_BOOL_CONVERSION = YES;
				CLANG_WARN_COMMA = YES;
				CLANG_WARN_CONSTANT_CONVERSION = YES;
				CLANG_WARN_DEPRECATED_OBJC_IMPLEMENTATIONS = YES;
				CLANG_WARN_DIRECT_OBJC_ISA_USAGE = YES_ERROR;
				CLANG_WARN_DOCUMENTATION_COMMENTS = YES;
				CLANG_WARN_EMPTY_BODY = YES;
				CLANG_WARN_ENUM_CONVERSION = YES;
				CLANG_WARN_INFINITE_RECURSION = YES;
				CLANG_WARN_INT_CONVERSION = YES;
				CLANG_WARN_NON_LITERAL_NULL_CONVERSION = YES;
				CLANG_WARN_OBJC_IMPLICIT_RETAIN_SELF = YES;
				CLANG_WARN_OBJC_LITERAL_CONVERSION = YES;
				CLANG_WARN_OBJC_ROOT_CLASS = YES_ERROR;
				CLANG_WARN_RANGE_LOOP_ANALYSIS = YES;
				CLANG_WARN_STRICT_PROTOTYPES = YES;
				CLANG_WARN_SUSPICIOUS_MOVE = YES;
				CLANG_WARN_UNGUARDED_AVAILABILITY = YES_AGGRESSIVE;
				CLANG_WARN_UNREACHABLE_CODE = YES;
				CLANG_WARN__DUPLICATE_METHOD_MATCH = YES;
				CODE_SIGN_IDENTITY = "iPhone Developer";
				COPY_PHASE_STRIP = NO;
				DEBUG_INFORMATION_FORMAT = dwarf;
				ENABLE_STRICT_OBJC_MSGSEND = YES;
				ENABLE_TESTABILITY = YES;
				GCC_C_LANGUAGE_STANDARD = gnu11;
				GCC_DYNAMIC_NO_PIC = NO;
				GCC_NO_COMMON_BLOCKS = YES;
				GCC_OPTIMIZATION_LEVEL = 0;
				GCC_PREPROCESSOR_DEFINITIONS = (
					"DEBUG=1",
					"$(inherited)",
				);
				GCC_WARN_64_TO_32_BIT_CONVERSION = YES;
				GCC_WARN_ABOUT_RETURN_TYPE = YES_ERROR;
				GCC_WARN_UNDECLARED_SELECTOR = YES;
				GCC_WARN_UNINITIALIZED_AUTOS = YES_AGGRESSIVE;
				GCC_WARN_UNUSED_FUNCTION = YES;
				GCC_WARN_UNUSED_VARIABLE = YES;
				IPHONEOS_DEPLOYMENT_TARGET = 11.4;
				MTL_ENABLE_DEBUG_INFO = YES;
				ONLY_ACTIVE_ARCH = YES;
				SDKROOT = iphoneos;
				SWIFT_ACTIVE_COMPILATION_CONDITIONS = DEBUG;
				SWIFT_OPTIMIZATION_LEVEL = "-Onone";
			};
			name = Debug;
		};
		0244B71520EE910B0001CA88 /* Release */ = {
			isa = XCBuildConfiguration;
			buildSettings = {
				ALWAYS_SEARCH_USER_PATHS = NO;
				CLANG_ANALYZER_NONNULL = YES;
				CLANG_ANALYZER_NUMBER_OBJECT_CONVERSION = YES_AGGRESSIVE;
				CLANG_CXX_LANGUAGE_STANDARD = "gnu++14";
				CLANG_CXX_LIBRARY = "libc++";
				CLANG_ENABLE_MODULES = YES;
				CLANG_ENABLE_OBJC_ARC = YES;
				CLANG_ENABLE_OBJC_WEAK = YES;
				CLANG_WARN_BLOCK_CAPTURE_AUTORELEASING = YES;
				CLANG_WARN_BOOL_CONVERSION = YES;
				CLANG_WARN_COMMA = YES;
				CLANG_WARN_CONSTANT_CONVERSION = YES;
				CLANG_WARN_DEPRECATED_OBJC_IMPLEMENTATIONS = YES;
				CLANG_WARN_DIRECT_OBJC_ISA_USAGE = YES_ERROR;
				CLANG_WARN_DOCUMENTATION_COMMENTS = YES;
				CLANG_WARN_EMPTY_BODY = YES;
				CLANG_WARN_ENUM_CONVERSION = YES;
				CLANG_WARN_INFINITE_RECURSION = YES;
				CLANG_WARN_INT_CONVERSION = YES;
				CLANG_WARN_NON_LITERAL_NULL_CONVERSION = YES;
				CLANG_WARN_OBJC_IMPLICIT_RETAIN_SELF = YES;
				CLANG_WARN_OBJC_LITERAL_CONVERSION = YES;
				CLANG_WARN_OBJC_ROOT_CLASS = YES_ERROR;
				CLANG_WARN_RANGE_LOOP_ANALYSIS = YES;
				CLANG_WARN_STRICT_PROTOTYPES = YES;
				CLANG_WARN_SUSPICIOUS_MOVE = YES;
				CLANG_WARN_UNGUARDED_AVAILABILITY = YES_AGGRESSIVE;
				CLANG_WARN_UNREACHABLE_CODE = YES;
				CLANG_WARN__DUPLICATE_METHOD_MATCH = YES;
				CODE_SIGN_IDENTITY = "iPhone Developer";
				COPY_PHASE_STRIP = NO;
				DEBUG_INFORMATION_FORMAT = "dwarf-with-dsym";
				ENABLE_NS_ASSERTIONS = NO;
				ENABLE_STRICT_OBJC_MSGSEND = YES;
				GCC_C_LANGUAGE_STANDARD = gnu11;
				GCC_NO_COMMON_BLOCKS = YES;
				GCC_WARN_64_TO_32_BIT_CONVERSION = YES;
				GCC_WARN_ABOUT_RETURN_TYPE = YES_ERROR;
				GCC_WARN_UNDECLARED_SELECTOR = YES;
				GCC_WARN_UNINITIALIZED_AUTOS = YES_AGGRESSIVE;
				GCC_WARN_UNUSED_FUNCTION = YES;
				GCC_WARN_UNUSED_VARIABLE = YES;
				IPHONEOS_DEPLOYMENT_TARGET = 11.4;
				MTL_ENABLE_DEBUG_INFO = NO;
				SDKROOT = iphoneos;
				SWIFT_COMPILATION_MODE = wholemodule;
				SWIFT_OPTIMIZATION_LEVEL = "-O";
				VALIDATE_PRODUCT = YES;
			};
			name = Release;
		};
		0244B71720EE910B0001CA88 /* Debug */ = {
			isa = XCBuildConfiguration;
			baseConfigurationReference = 0C608F4F44AC6EDBD2AD596B /* Pods-GenesisTestTask.debug.xcconfig */;
			buildSettings = {
				ASSETCATALOG_COMPILER_APPICON_NAME = AppIcon;
				CODE_SIGN_STYLE = Automatic;
				DEVELOPMENT_TEAM = 9AGBN4H5KS;
				INFOPLIST_FILE = GenesisTestTask/Info.plist;
				LD_RUNPATH_SEARCH_PATHS = "$(inherited) @executable_path/Frameworks";
				PRODUCT_BUNDLE_IDENTIFIER = svch.GenesisTestTask1;
				PRODUCT_NAME = "$(TARGET_NAME)";
				SWIFT_VERSION = 4.0;
				TARGETED_DEVICE_FAMILY = "1,2";
			};
			name = Debug;
		};
		0244B71820EE910B0001CA88 /* Release */ = {
			isa = XCBuildConfiguration;
			baseConfigurationReference = CFAC0B25528C0A73C3D721E1 /* Pods-GenesisTestTask.release.xcconfig */;
			buildSettings = {
				ASSETCATALOG_COMPILER_APPICON_NAME = AppIcon;
				CODE_SIGN_STYLE = Automatic;
				DEVELOPMENT_TEAM = 9AGBN4H5KS;
				INFOPLIST_FILE = GenesisTestTask/Info.plist;
				LD_RUNPATH_SEARCH_PATHS = "$(inherited) @executable_path/Frameworks";
				PRODUCT_BUNDLE_IDENTIFIER = svch.GenesisTestTask1;
				PRODUCT_NAME = "$(TARGET_NAME)";
				SWIFT_VERSION = 4.0;
				TARGETED_DEVICE_FAMILY = "1,2";
			};
			name = Release;
		};
/* End XCBuildConfiguration section */

/* Begin XCConfigurationList section */
		0244B6FF20EE91090001CA88 /* Build configuration list for PBXProject "GenesisTestTask" */ = {
			isa = XCConfigurationList;
			buildConfigurations = (
				0244B71420EE910B0001CA88 /* Debug */,
				0244B71520EE910B0001CA88 /* Release */,
			);
			defaultConfigurationIsVisible = 0;
			defaultConfigurationName = Release;
		};
		0244B71620EE910B0001CA88 /* Build configuration list for PBXNativeTarget "GenesisTestTask" */ = {
			isa = XCConfigurationList;
			buildConfigurations = (
				0244B71720EE910B0001CA88 /* Debug */,
				0244B71820EE910B0001CA88 /* Release */,
			);
			defaultConfigurationIsVisible = 0;
			defaultConfigurationName = Release;
		};
/* End XCConfigurationList section */

/* Begin XCVersionGroup section */
		0297ADBE20EF559000A47E5F /* CoreDataModel.xcdatamodeld */ = {
			isa = XCVersionGroup;
			children = (
				0297ADBF20EF559000A47E5F /* CoreDataModel.xcdatamodel */,
			);
			currentVersion = 0297ADBF20EF559000A47E5F /* CoreDataModel.xcdatamodel */;
			path = CoreDataModel.xcdatamodeld;
			sourceTree = "<group>";
			versionGroupType = wrapper.xcdatamodel;
		};
/* End XCVersionGroup section */
	};
	rootObject = 0244B6FC20EE91090001CA88 /* Project object */;
}
